// !$*UTF8*$!
{
	archiveVersion = 1;
	classes = {
	};
	objectVersion = 60;
	objects = {

/* Begin PBXBuildFile section */
		6F1124B32C5F527C00FD0D27 /* AppDelegate.swift in Sources */ = {isa = PBXBuildFile; fileRef = 6F1124B22C5F527C00FD0D27 /* AppDelegate.swift */; };
		6F1124B52C5F527C00FD0D27 /* SceneDelegate.swift in Sources */ = {isa = PBXBuildFile; fileRef = 6F1124B42C5F527C00FD0D27 /* SceneDelegate.swift */; };
		6F1124B72C5F527C00FD0D27 /* ViewController.swift in Sources */ = {isa = PBXBuildFile; fileRef = 6F1124B62C5F527C00FD0D27 /* ViewController.swift */; };
		6F1124BA2C5F527C00FD0D27 /* Base in Resources */ = {isa = PBXBuildFile; fileRef = 6F1124B92C5F527C00FD0D27 /* Base */; };
		6F1124BC2C5F527C00FD0D27 /* Assets.xcassets in Resources */ = {isa = PBXBuildFile; fileRef = 6F1124BB2C5F527C00FD0D27 /* Assets.xcassets */; };
		6F1124BF2C5F527C00FD0D27 /* Base in Resources */ = {isa = PBXBuildFile; fileRef = 6F1124BE2C5F527C00FD0D27 /* Base */; };
		6F1124CA2C5F527D00FD0D27 /* RadioPlayerTests.swift in Sources */ = {isa = PBXBuildFile; fileRef = 6F1124C92C5F527D00FD0D27 /* RadioPlayerTests.swift */; };
		6F1124D42C5F527D00FD0D27 /* RadioPlayerUITests.swift in Sources */ = {isa = PBXBuildFile; fileRef = 6F1124D32C5F527D00FD0D27 /* RadioPlayerUITests.swift */; };
		6F1124D62C5F527D00FD0D27 /* RadioPlayerUITestsLaunchTests.swift in Sources */ = {isa = PBXBuildFile; fileRef = 6F1124D52C5F527D00FD0D27 /* RadioPlayerUITestsLaunchTests.swift */; };
/* End PBXBuildFile section */

/* Begin PBXContainerItemProxy section */
		6F1124C62C5F527D00FD0D27 /* PBXContainerItemProxy */ = {
			isa = PBXContainerItemProxy;
			containerPortal = 6F1124A72C5F527B00FD0D27 /* Project object */;
			proxyType = 1;
			remoteGlobalIDString = 6F1124AE2C5F527C00FD0D27;
			remoteInfo = RadioPlayer;
		};
		6F1124D02C5F527D00FD0D27 /* PBXContainerItemProxy */ = {
			isa = PBXContainerItemProxy;
			containerPortal = 6F1124A72C5F527B00FD0D27 /* Project object */;
			proxyType = 1;
			remoteGlobalIDString = 6F1124AE2C5F527C00FD0D27;
			remoteInfo = RadioPlayer;
		};
/* End PBXContainerItemProxy section */

/* Begin PBXFileReference section */
		6F1124AF2C5F527C00FD0D27 /* RadioPlayer.app */ = {isa = PBXFileReference; explicitFileType = wrapper.application; includeInIndex = 0; path = RadioPlayer.app; sourceTree = BUILT_PRODUCTS_DIR; };
		6F1124B22C5F527C00FD0D27 /* AppDelegate.swift */ = {isa = PBXFileReference; lastKnownFileType = sourcecode.swift; path = AppDelegate.swift; sourceTree = "<group>"; };
		6F1124B42C5F527C00FD0D27 /* SceneDelegate.swift */ = {isa = PBXFileReference; lastKnownFileType = sourcecode.swift; path = SceneDelegate.swift; sourceTree = "<group>"; };
		6F1124B62C5F527C00FD0D27 /* ViewController.swift */ = {isa = PBXFileReference; lastKnownFileType = sourcecode.swift; path = ViewController.swift; sourceTree = "<group>"; };
		6F1124B92C5F527C00FD0D27 /* Base */ = {isa = PBXFileReference; lastKnownFileType = file.storyboard; name = Base; path = Base.lproj/Main.storyboard; sourceTree = "<group>"; };
		6F1124BB2C5F527C00FD0D27 /* Assets.xcassets */ = {isa = PBXFileReference; lastKnownFileType = folder.assetcatalog; path = Assets.xcassets; sourceTree = "<group>"; };
		6F1124BE2C5F527C00FD0D27 /* Base */ = {isa = PBXFileReference; lastKnownFileType = file.storyboard; name = Base; path = Base.lproj/LaunchScreen.storyboard; sourceTree = "<group>"; };
		6F1124C02C5F527C00FD0D27 /* Info.plist */ = {isa = PBXFileReference; lastKnownFileType = text.plist.xml; path = Info.plist; sourceTree = "<group>"; };
		6F1124C52C5F527D00FD0D27 /* RadioPlayerTests.xctest */ = {isa = PBXFileReference; explicitFileType = wrapper.cfbundle; includeInIndex = 0; path = RadioPlayerTests.xctest; sourceTree = BUILT_PRODUCTS_DIR; };
		6F1124C92C5F527D00FD0D27 /* RadioPlayerTests.swift */ = {isa = PBXFileReference; lastKnownFileType = sourcecode.swift; path = RadioPlayerTests.swift; sourceTree = "<group>"; };
		6F1124CF2C5F527D00FD0D27 /* RadioPlayerUITests.xctest */ = {isa = PBXFileReference; explicitFileType = wrapper.cfbundle; includeInIndex = 0; path = RadioPlayerUITests.xctest; sourceTree = BUILT_PRODUCTS_DIR; };
		6F1124D32C5F527D00FD0D27 /* RadioPlayerUITests.swift */ = {isa = PBXFileReference; lastKnownFileType = sourcecode.swift; path = RadioPlayerUITests.swift; sourceTree = "<group>"; };
		6F1124D52C5F527D00FD0D27 /* RadioPlayerUITestsLaunchTests.swift */ = {isa = PBXFileReference; lastKnownFileType = sourcecode.swift; path = RadioPlayerUITestsLaunchTests.swift; sourceTree = "<group>"; };
/* End PBXFileReference section */

/* Begin PBXFrameworksBuildPhase section */
		6F1124AC2C5F527C00FD0D27 /* Frameworks */ = {
			isa = PBXFrameworksBuildPhase;
			buildActionMask = 2147483647;
			files = (
			);
			runOnlyForDeploymentPostprocessing = 0;
		};
		6F1124C22C5F527D00FD0D27 /* Frameworks */ = {
			isa = PBXFrameworksBuildPhase;
			buildActionMask = 2147483647;
			files = (
			);
			runOnlyForDeploymentPostprocessing = 0;
		};
		6F1124CC2C5F527D00FD0D27 /* Frameworks */ = {
			isa = PBXFrameworksBuildPhase;
			buildActionMask = 2147483647;
			files = (
			);
			runOnlyForDeploymentPostprocessing = 0;
		};
/* End PBXFrameworksBuildPhase section */

/* Begin PBXGroup section */
		6F1124A62C5F527B00FD0D27 = {
			isa = PBXGroup;
			children = (
				6F1124B12C5F527C00FD0D27 /* RadioPlayer */,
				6F1124C82C5F527D00FD0D27 /* RadioPlayerTests */,
				6F1124D22C5F527D00FD0D27 /* RadioPlayerUITests */,
				6F1124B02C5F527C00FD0D27 /* Products */,
			);
			sourceTree = "<group>";
		};
		6F1124B02C5F527C00FD0D27 /* Products */ = {
			isa = PBXGroup;
			children = (
				6F1124AF2C5F527C00FD0D27 /* RadioPlayer.app */,
				6F1124C52C5F527D00FD0D27 /* RadioPlayerTests.xctest */,
				6F1124CF2C5F527D00FD0D27 /* RadioPlayerUITests.xctest */,
			);
			name = Products;
			sourceTree = "<group>";
		};
		6F1124B12C5F527C00FD0D27 /* RadioPlayer */ = {
			isa = PBXGroup;
			children = (
				6F1124B22C5F527C00FD0D27 /* AppDelegate.swift */,
				6F1124B42C5F527C00FD0D27 /* SceneDelegate.swift */,
				6F1124B62C5F527C00FD0D27 /* ViewController.swift */,
				6F1124B82C5F527C00FD0D27 /* Main.storyboard */,
				6F1124BB2C5F527C00FD0D27 /* Assets.xcassets */,
				6F1124BD2C5F527C00FD0D27 /* LaunchScreen.storyboard */,
				6F1124C02C5F527C00FD0D27 /* Info.plist */,
			);
			path = RadioPlayer;
			sourceTree = "<group>";
		};
		6F1124C82C5F527D00FD0D27 /* RadioPlayerTests */ = {
			isa = PBXGroup;
			children = (
				6F1124C92C5F527D00FD0D27 /* RadioPlayerTests.swift */,
			);
			path = RadioPlayerTests;
			sourceTree = "<group>";
		};
		6F1124D22C5F527D00FD0D27 /* RadioPlayerUITests */ = {
			isa = PBXGroup;
			children = (
				6F1124D32C5F527D00FD0D27 /* RadioPlayerUITests.swift */,
				6F1124D52C5F527D00FD0D27 /* RadioPlayerUITestsLaunchTests.swift */,
			);
			path = RadioPlayerUITests;
			sourceTree = "<group>";
		};
/* End PBXGroup section */

/* Begin PBXNativeTarget section */
		6F1124AE2C5F527C00FD0D27 /* RadioPlayer */ = {
			isa = PBXNativeTarget;
			buildConfigurationList = 6F1124D92C5F527D00FD0D27 /* Build configuration list for PBXNativeTarget "RadioPlayer" */;
			buildPhases = (
				6F1124AB2C5F527C00FD0D27 /* Sources */,
				6F1124AC2C5F527C00FD0D27 /* Frameworks */,
				6F1124AD2C5F527C00FD0D27 /* Resources */,
			);
			buildRules = (
			);
			dependencies = (
			);
			name = RadioPlayer;
			productName = RadioPlayer;
			productReference = 6F1124AF2C5F527C00FD0D27 /* RadioPlayer.app */;
			productType = "com.apple.product-type.application";
		};
		6F1124C42C5F527D00FD0D27 /* RadioPlayerTests */ = {
			isa = PBXNativeTarget;
			buildConfigurationList = 6F1124DC2C5F527D00FD0D27 /* Build configuration list for PBXNativeTarget "RadioPlayerTests" */;
			buildPhases = (
				6F1124C12C5F527D00FD0D27 /* Sources */,
				6F1124C22C5F527D00FD0D27 /* Frameworks */,
				6F1124C32C5F527D00FD0D27 /* Resources */,
			);
			buildRules = (
			);
			dependencies = (
				6F1124C72C5F527D00FD0D27 /* PBXTargetDependency */,
			);
			name = RadioPlayerTests;
			productName = RadioPlayerTests;
			productReference = 6F1124C52C5F527D00FD0D27 /* RadioPlayerTests.xctest */;
			productType = "com.apple.product-type.bundle.unit-test";
		};
		6F1124CE2C5F527D00FD0D27 /* RadioPlayerUITests */ = {
			isa = PBXNativeTarget;
			buildConfigurationList = 6F1124DF2C5F527D00FD0D27 /* Build configuration list for PBXNativeTarget "RadioPlayerUITests" */;
			buildPhases = (
				6F1124CB2C5F527D00FD0D27 /* Sources */,
				6F1124CC2C5F527D00FD0D27 /* Frameworks */,
				6F1124CD2C5F527D00FD0D27 /* Resources */,
			);
			buildRules = (
			);
			dependencies = (
				6F1124D12C5F527D00FD0D27 /* PBXTargetDependency */,
			);
			name = RadioPlayerUITests;
			productName = RadioPlayerUITests;
			productReference = 6F1124CF2C5F527D00FD0D27 /* RadioPlayerUITests.xctest */;
			productType = "com.apple.product-type.bundle.ui-testing";
		};
/* End PBXNativeTarget section */

/* Begin PBXProject section */
		6F1124A72C5F527B00FD0D27 /* Project object */ = {
			isa = PBXProject;
			attributes = {
				BuildIndependentTargetsInParallel = 1;
				LastSwiftUpdateCheck = 1600;
				LastUpgradeCheck = 1600;
				TargetAttributes = {
					6F1124AE2C5F527C00FD0D27 = {
						CreatedOnToolsVersion = 16.0;
					};
					6F1124C42C5F527D00FD0D27 = {
						CreatedOnToolsVersion = 16.0;
						TestTargetID = 6F1124AE2C5F527C00FD0D27;
					};
					6F1124CE2C5F527D00FD0D27 = {
						CreatedOnToolsVersion = 16.0;
						TestTargetID = 6F1124AE2C5F527C00FD0D27;
					};
				};
			};
			buildConfigurationList = 6F1124AA2C5F527B00FD0D27 /* Build configuration list for PBXProject "RadioPlayer" */;
			compatibilityVersion = "Xcode 15.0";
			developmentRegion = en;
			hasScannedForEncodings = 0;
			knownRegions = (
				en,
				Base,
			);
			mainGroup = 6F1124A62C5F527B00FD0D27;
			productRefGroup = 6F1124B02C5F527C00FD0D27 /* Products */;
			projectDirPath = "";
			projectRoot = "";
			targets = (
				6F1124AE2C5F527C00FD0D27 /* RadioPlayer */,
				6F1124C42C5F527D00FD0D27 /* RadioPlayerTests */,
				6F1124CE2C5F527D00FD0D27 /* RadioPlayerUITests */,
			);
		};
/* End PBXProject section */

/* Begin PBXResourcesBuildPhase section */
		6F1124AD2C5F527C00FD0D27 /* Resources */ = {
			isa = PBXResourcesBuildPhase;
			buildActionMask = 2147483647;
			files = (
				6F1124BC2C5F527C00FD0D27 /* Assets.xcassets in Resources */,
				6F1124BF2C5F527C00FD0D27 /* Base in Resources */,
				6F1124BA2C5F527C00FD0D27 /* Base in Resources */,
			);
			runOnlyForDeploymentPostprocessing = 0;
		};
		6F1124C32C5F527D00FD0D27 /* Resources */ = {
			isa = PBXResourcesBuildPhase;
			buildActionMask = 2147483647;
			files = (
			);
			runOnlyForDeploymentPostprocessing = 0;
		};
		6F1124CD2C5F527D00FD0D27 /* Resources */ = {
			isa = PBXResourcesBuildPhase;
			buildActionMask = 2147483647;
			files = (
			);
			runOnlyForDeploymentPostprocessing = 0;
		};
/* End PBXResourcesBuildPhase section */

/* Begin PBXSourcesBuildPhase section */
		6F1124AB2C5F527C00FD0D27 /* Sources */ = {
			isa = PBXSourcesBuildPhase;
			buildActionMask = 2147483647;
			files = (
				6F1124B72C5F527C00FD0D27 /* ViewController.swift in Sources */,
				6F1124B32C5F527C00FD0D27 /* AppDelegate.swift in Sources */,
				6F1124B52C5F527C00FD0D27 /* SceneDelegate.swift in Sources */,
			);
			runOnlyForDeploymentPostprocessing = 0;
		};
		6F1124C12C5F527D00FD0D27 /* Sources */ = {
			isa = PBXSourcesBuildPhase;
			buildActionMask = 2147483647;
			files = (
				6F1124CA2C5F527D00FD0D27 /* RadioPlayerTests.swift in Sources */,
			);
			runOnlyForDeploymentPostprocessing = 0;
		};
		6F1124CB2C5F527D00FD0D27 /* Sources */ = {
			isa = PBXSourcesBuildPhase;
			buildActionMask = 2147483647;
			files = (
				6F1124D42C5F527D00FD0D27 /* RadioPlayerUITests.swift in Sources */,
				6F1124D62C5F527D00FD0D27 /* RadioPlayerUITestsLaunchTests.swift in Sources */,
			);
			runOnlyForDeploymentPostprocessing = 0;
		};
/* End PBXSourcesBuildPhase section */

/* Begin PBXTargetDependency section */
		6F1124C72C5F527D00FD0D27 /* PBXTargetDependency */ = {
			isa = PBXTargetDependency;
			target = 6F1124AE2C5F527C00FD0D27 /* RadioPlayer */;
			targetProxy = 6F1124C62C5F527D00FD0D27 /* PBXContainerItemProxy */;
		};
		6F1124D12C5F527D00FD0D27 /* PBXTargetDependency */ = {
			isa = PBXTargetDependency;
			target = 6F1124AE2C5F527C00FD0D27 /* RadioPlayer */;
			targetProxy = 6F1124D02C5F527D00FD0D27 /* PBXContainerItemProxy */;
		};
/* End PBXTargetDependency section */

/* Begin PBXVariantGroup section */
		6F1124B82C5F527C00FD0D27 /* Main.storyboard */ = {
			isa = PBXVariantGroup;
			children = (
				6F1124B92C5F527C00FD0D27 /* Base */,
			);
			name = Main.storyboard;
			sourceTree = "<group>";
		};
		6F1124BD2C5F527C00FD0D27 /* LaunchScreen.storyboard */ = {
			isa = PBXVariantGroup;
			children = (
				6F1124BE2C5F527C00FD0D27 /* Base */,
			);
			name = LaunchScreen.storyboard;
			sourceTree = "<group>";
		};
/* End PBXVariantGroup section */

/* Begin XCBuildConfiguration section */
		6F1124D72C5F527D00FD0D27 /* Debug */ = {
			isa = XCBuildConfiguration;
			buildSettings = {
				ALWAYS_SEARCH_USER_PATHS = NO;
				ASSETCATALOG_COMPILER_GENERATE_SWIFT_ASSET_SYMBOL_EXTENSIONS = YES;
				CLANG_ANALYZER_NONNULL = YES;
				CLANG_ANALYZER_NUMBER_OBJECT_CONVERSION = YES_AGGRESSIVE;
				CLANG_CXX_LANGUAGE_STANDARD = "gnu++20";
				CLANG_ENABLE_MODULES = YES;
				CLANG_ENABLE_OBJC_ARC = YES;
				CLANG_ENABLE_OBJC_WEAK = YES;
				CLANG_WARN_BLOCK_CAPTURE_AUTORELEASING = YES;
				CLANG_WARN_BOOL_CONVERSION = YES;
				CLANG_WARN_COMMA = YES;
				CLANG_WARN_CONSTANT_CONVERSION = YES;
				CLANG_WARN_DEPRECATED_OBJC_IMPLEMENTATIONS = YES;
				CLANG_WARN_DIRECT_OBJC_ISA_USAGE = YES_ERROR;
				CLANG_WARN_DOCUMENTATION_COMMENTS = YES;
				CLANG_WARN_EMPTY_BODY = YES;
				CLANG_WARN_ENUM_CONVERSION = YES;
				CLANG_WARN_INFINITE_RECURSION = YES;
				CLANG_WARN_INT_CONVERSION = YES;
				CLANG_WARN_NON_LITERAL_NULL_CONVERSION = YES;
				CLANG_WARN_OBJC_IMPLICIT_RETAIN_SELF = YES;
				CLANG_WARN_OBJC_LITERAL_CONVERSION = YES;
				CLANG_WARN_OBJC_ROOT_CLASS = YES_ERROR;
				CLANG_WARN_QUOTED_INCLUDE_IN_FRAMEWORK_HEADER = YES;
				CLANG_WARN_RANGE_LOOP_ANALYSIS = YES;
				CLANG_WARN_STRICT_PROTOTYPES = YES;
				CLANG_WARN_SUSPICIOUS_MOVE = YES;
				CLANG_WARN_UNGUARDED_AVAILABILITY = YES_AGGRESSIVE;
				CLANG_WARN_UNREACHABLE_CODE = YES;
				CLANG_WARN__DUPLICATE_METHOD_MATCH = YES;
				COPY_PHASE_STRIP = NO;
				DEBUG_INFORMATION_FORMAT = dwarf;
				ENABLE_STRICT_OBJC_MSGSEND = YES;
				ENABLE_TESTABILITY = YES;
				ENABLE_USER_SCRIPT_SANDBOXING = YES;
				GCC_C_LANGUAGE_STANDARD = gnu17;
				GCC_DYNAMIC_NO_PIC = NO;
				GCC_NO_COMMON_BLOCKS = YES;
				GCC_OPTIMIZATION_LEVEL = 0;
				GCC_PREPROCESSOR_DEFINITIONS = (
					"DEBUG=1",
					"$(inherited)",
				);
				GCC_WARN_64_TO_32_BIT_CONVERSION = YES;
				GCC_WARN_ABOUT_RETURN_TYPE = YES_ERROR;
				GCC_WARN_UNDECLARED_SELECTOR = YES;
				GCC_WARN_UNINITIALIZED_AUTOS = YES_AGGRESSIVE;
				GCC_WARN_UNUSED_FUNCTION = YES;
				GCC_WARN_UNUSED_VARIABLE = YES;
				IPHONEOS_DEPLOYMENT_TARGET = 18.0;
				LOCALIZATION_PREFERS_STRING_CATALOGS = YES;
				MTL_ENABLE_DEBUG_INFO = INCLUDE_SOURCE;
				MTL_FAST_MATH = YES;
				ONLY_ACTIVE_ARCH = YES;
				SDKROOT = iphoneos;
				SWIFT_ACTIVE_COMPILATION_CONDITIONS = "DEBUG $(inherited)";
				SWIFT_OPTIMIZATION_LEVEL = "-Onone";
			};
			name = Debug;
		};
		6F1124D82C5F527D00FD0D27 /* Release */ = {
			isa = XCBuildConfiguration;
			buildSettings = {
				ALWAYS_SEARCH_USER_PATHS = NO;
				ASSETCATALOG_COMPILER_GENERATE_SWIFT_ASSET_SYMBOL_EXTENSIONS = YES;
				CLANG_ANALYZER_NONNULL = YES;
				CLANG_ANALYZER_NUMBER_OBJECT_CONVERSION = YES_AGGRESSIVE;
				CLANG_CXX_LANGUAGE_STANDARD = "gnu++20";
				CLANG_ENABLE_MODULES = YES;
				CLANG_ENABLE_OBJC_ARC = YES;
				CLANG_ENABLE_OBJC_WEAK = YES;
				CLANG_WARN_BLOCK_CAPTURE_AUTORELEASING = YES;
				CLANG_WARN_BOOL_CONVERSION = YES;
				CLANG_WARN_COMMA = YES;
				CLANG_WARN_CONSTANT_CONVERSION = YES;
				CLANG_WARN_DEPRECATED_OBJC_IMPLEMENTATIONS = YES;
				CLANG_WARN_DIRECT_OBJC_ISA_USAGE = YES_ERROR;
				CLANG_WARN_DOCUMENTATION_COMMENTS = YES;
				CLANG_WARN_EMPTY_BODY = YES;
				CLANG_WARN_ENUM_CONVERSION = YES;
				CLANG_WARN_INFINITE_RECURSION = YES;
				CLANG_WARN_INT_CONVERSION = YES;
				CLANG_WARN_NON_LITERAL_NULL_CONVERSION = YES;
				CLANG_WARN_OBJC_IMPLICIT_RETAIN_SELF = YES;
				CLANG_WARN_OBJC_LITERAL_CONVERSION = YES;
				CLANG_WARN_OBJC_ROOT_CLASS = YES_ERROR;
				CLANG_WARN_QUOTED_INCLUDE_IN_FRAMEWORK_HEADER = YES;
				CLANG_WARN_RANGE_LOOP_ANALYSIS = YES;
				CLANG_WARN_STRICT_PROTOTYPES = YES;
				CLANG_WARN_SUSPICIOUS_MOVE = YES;
				CLANG_WARN_UNGUARDED_AVAILABILITY = YES_AGGRESSIVE;
				CLANG_WARN_UNREACHABLE_CODE = YES;
				CLANG_WARN__DUPLICATE_METHOD_MATCH = YES;
				COPY_PHASE_STRIP = NO;
				DEBUG_INFORMATION_FORMAT = "dwarf-with-dsym";
				ENABLE_NS_ASSERTIONS = NO;
				ENABLE_STRICT_OBJC_MSGSEND = YES;
				ENABLE_USER_SCRIPT_SANDBOXING = YES;
				GCC_C_LANGUAGE_STANDARD = gnu17;
				GCC_NO_COMMON_BLOCKS = YES;
				GCC_WARN_64_TO_32_BIT_CONVERSION = YES;
				GCC_WARN_ABOUT_RETURN_TYPE = YES_ERROR;
				GCC_WARN_UNDECLARED_SELECTOR = YES;
				GCC_WARN_UNINITIALIZED_AUTOS = YES_AGGRESSIVE;
				GCC_WARN_UNUSED_FUNCTION = YES;
				GCC_WARN_UNUSED_VARIABLE = YES;
				IPHONEOS_DEPLOYMENT_TARGET = 18.0;
				LOCALIZATION_PREFERS_STRING_CATALOGS = YES;
				MTL_ENABLE_DEBUG_INFO = NO;
				MTL_FAST_MATH = YES;
				SDKROOT = iphoneos;
				SWIFT_COMPILATION_MODE = wholemodule;
				VALIDATE_PRODUCT = YES;
			};
			name = Release;
		};
		6F1124DA2C5F527D00FD0D27 /* Debug */ = {
			isa = XCBuildConfiguration;
			buildSettings = {
				ASSETCATALOG_COMPILER_APPICON_NAME = AppIcon;
				ASSETCATALOG_COMPILER_GLOBAL_ACCENT_COLOR_NAME = AccentColor;
				CODE_SIGN_STYLE = Automatic;
				CURRENT_PROJECT_VERSION = 1;
				DEVELOPMENT_TEAM = A3UF4B4CBW;
				GENERATE_INFOPLIST_FILE = YES;
				INFOPLIST_FILE = RadioPlayer/Info.plist;
				INFOPLIST_KEY_UIApplicationSupportsIndirectInputEvents = YES;
				INFOPLIST_KEY_UILaunchStoryboardName = LaunchScreen;
				INFOPLIST_KEY_UIMainStoryboardFile = Main;
				INFOPLIST_KEY_UISupportedInterfaceOrientations_iPad = "UIInterfaceOrientationPortrait UIInterfaceOrientationPortraitUpsideDown UIInterfaceOrientationLandscapeLeft UIInterfaceOrientationLandscapeRight";
				INFOPLIST_KEY_UISupportedInterfaceOrientations_iPhone = "UIInterfaceOrientationPortrait UIInterfaceOrientationLandscapeLeft UIInterfaceOrientationLandscapeRight";
				LD_RUNPATH_SEARCH_PATHS = (
					"$(inherited)",
					"@executable_path/Frameworks",
				);
				MARKETING_VERSION = 1.0;
				PRODUCT_BUNDLE_IDENTIFIER = Centertek.RadioPlayer;
				PRODUCT_NAME = "$(TARGET_NAME)";
				SWIFT_EMIT_LOC_STRINGS = YES;
				SWIFT_VERSION = 5.0;
				TARGETED_DEVICE_FAMILY = "1,2";
			};
			name = Debug;
		};
		6F1124DB2C5F527D00FD0D27 /* Release */ = {
			isa = XCBuildConfiguration;
			buildSettings = {
				ASSETCATALOG_COMPILER_APPICON_NAME = AppIcon;
				ASSETCATALOG_COMPILER_GLOBAL_ACCENT_COLOR_NAME = AccentColor;
				CODE_SIGN_STYLE = Automatic;
				CURRENT_PROJECT_VERSION = 1;
				DEVELOPMENT_TEAM = A3UF4B4CBW;
				GENERATE_INFOPLIST_FILE = YES;
				INFOPLIST_FILE = RadioPlayer/Info.plist;
				INFOPLIST_KEY_UIApplicationSupportsIndirectInputEvents = YES;
				INFOPLIST_KEY_UILaunchStoryboardName = LaunchScreen;
				INFOPLIST_KEY_UIMainStoryboardFile = Main;
				INFOPLIST_KEY_UISupportedInterfaceOrientations_iPad = "UIInterfaceOrientationPortrait UIInterfaceOrientationPortraitUpsideDown UIInterfaceOrientationLandscapeLeft UIInterfaceOrientationLandscapeRight";
				INFOPLIST_KEY_UISupportedInterfaceOrientations_iPhone = "UIInterfaceOrientationPortrait UIInterfaceOrientationLandscapeLeft UIInterfaceOrientationLandscapeRight";
				LD_RUNPATH_SEARCH_PATHS = (
					"$(inherited)",
					"@executable_path/Frameworks",
				);
				MARKETING_VERSION = 1.0;
				PRODUCT_BUNDLE_IDENTIFIER = Centertek.RadioPlayer;
				PRODUCT_NAME = "$(TARGET_NAME)";
				SWIFT_EMIT_LOC_STRINGS = YES;
				SWIFT_VERSION = 5.0;
				TARGETED_DEVICE_FAMILY = "1,2";
			};
			name = Release;
		};
		6F1124DD2C5F527D00FD0D27 /* Debug */ = {
			isa = XCBuildConfiguration;
			buildSettings = {
				BUNDLE_LOADER = "$(TEST_HOST)";
				CODE_SIGN_STYLE = Automatic;
				CURRENT_PROJECT_VERSION = 1;
				DEVELOPMENT_TEAM = A3UF4B4CBW;
				GENERATE_INFOPLIST_FILE = YES;
				IPHONEOS_DEPLOYMENT_TARGET = 18.0;
				MARKETING_VERSION = 1.0;
				PRODUCT_BUNDLE_IDENTIFIER = Centertek.RadioPlayerTests;
				PRODUCT_NAME = "$(TARGET_NAME)";
				SWIFT_EMIT_LOC_STRINGS = NO;
				SWIFT_VERSION = 5.0;
				TARGETED_DEVICE_FAMILY = "1,2";
				TEST_HOST = "$(BUILT_PRODUCTS_DIR)/RadioPlayer.app/$(BUNDLE_EXECUTABLE_FOLDER_PATH)/RadioPlayer";
			};
			name = Debug;
		};
		6F1124DE2C5F527D00FD0D27 /* Release */ = {
			isa = XCBuildConfiguration;
			buildSettings = {
				BUNDLE_LOADER = "$(TEST_HOST)";
				CODE_SIGN_STYLE = Automatic;
				CURRENT_PROJECT_VERSION = 1;
				DEVELOPMENT_TEAM = A3UF4B4CBW;
				GENERATE_INFOPLIST_FILE = YES;
				IPHONEOS_DEPLOYMENT_TARGET = 18.0;
				MARKETING_VERSION = 1.0;
				PRODUCT_BUNDLE_IDENTIFIER = Centertek.RadioPlayerTests;
				PRODUCT_NAME = "$(TARGET_NAME)";
				SWIFT_EMIT_LOC_STRINGS = NO;
				SWIFT_VERSION = 5.0;
				TARGETED_DEVICE_FAMILY = "1,2";
				TEST_HOST = "$(BUILT_PRODUCTS_DIR)/RadioPlayer.app/$(BUNDLE_EXECUTABLE_FOLDER_PATH)/RadioPlayer";
			};
			name = Release;
		};
		6F1124E02C5F527D00FD0D27 /* Debug */ = {
			isa = XCBuildConfiguration;
			buildSettings = {
				CODE_SIGN_STYLE = Automatic;
				CURRENT_PROJECT_VERSION = 1;
				DEVELOPMENT_TEAM = A3UF4B4CBW;
				GENERATE_INFOPLIST_FILE = YES;
				MARKETING_VERSION = 1.0;
				PRODUCT_BUNDLE_IDENTIFIER = Centertek.RadioPlayerUITests;
				PRODUCT_NAME = "$(TARGET_NAME)";
				SWIFT_EMIT_LOC_STRINGS = NO;
				SWIFT_VERSION = 5.0;
				TARGETED_DEVICE_FAMILY = "1,2";
				TEST_TARGET_NAME = RadioPlayer;
			};
			name = Debug;
		};
		6F1124E12C5F527D00FD0D27 /* Release */ = {
			isa = XCBuildConfiguration;
			buildSettings = {
				CODE_SIGN_STYLE = Automatic;
				CURRENT_PROJECT_VERSION = 1;
				DEVELOPMENT_TEAM = A3UF4B4CBW;
				GENERATE_INFOPLIST_FILE = YES;
				MARKETING_VERSION = 1.0;
				PRODUCT_BUNDLE_IDENTIFIER = Centertek.RadioPlayerUITests;
				PRODUCT_NAME = "$(TARGET_NAME)";
				SWIFT_EMIT_LOC_STRINGS = NO;
				SWIFT_VERSION = 5.0;
				TARGETED_DEVICE_FAMILY = "1,2";
				TEST_TARGET_NAME = RadioPlayer;
			};
			name = Release;
		};
/* End XCBuildConfiguration section */

/* Begin XCConfigurationList section */
		6F1124AA2C5F527B00FD0D27 /* Build configuration list for PBXProject "RadioPlayer" */ = {
			isa = XCConfigurationList;
			buildConfigurations = (
				6F1124D72C5F527D00FD0D27 /* Debug */,
				6F1124D82C5F527D00FD0D27 /* Release */,
			);
			defaultConfigurationIsVisible = 0;
			defaultConfigurationName = Release;
		};
		6F1124D92C5F527D00FD0D27 /* Build configuration list for PBXNativeTarget "RadioPlayer" */ = {
			isa = XCConfigurationList;
			buildConfigurations = (
				6F1124DA2C5F527D00FD0D27 /* Debug */,
				6F1124DB2C5F527D00FD0D27 /* Release */,
			);
			defaultConfigurationIsVisible = 0;
			defaultConfigurationName = Release;
		};
		6F1124DC2C5F527D00FD0D27 /* Build configuration list for PBXNativeTarget "RadioPlayerTests" */ = {
			isa = XCConfigurationList;
			buildConfigurations = (
				6F1124DD2C5F527D00FD0D27 /* Debug */,
				6F1124DE2C5F527D00FD0D27 /* Release */,
			);
			defaultConfigurationIsVisible = 0;
			defaultConfigurationName = Release;
		};
		6F1124DF2C5F527D00FD0D27 /* Build configuration list for PBXNativeTarget "RadioPlayerUITests" */ = {
			isa = XCConfigurationList;
			buildConfigurations = (
				6F1124E02C5F527D00FD0D27 /* Debug */,
				6F1124E12C5F527D00FD0D27 /* Release */,
			);
			defaultConfigurationIsVisible = 0;
			defaultConfigurationName = Release;
		};
/* End XCConfigurationList section */
	};
	rootObject = 6F1124A72C5F527B00FD0D27 /* Project object */;
}
